// !$*UTF8*$!
{
	archiveVersion = 1;
	classes = {
	};
	objectVersion = 50;
	objects = {

/* Begin PBXBuildFile section */
		8E24DADD22436A8200EE8BA7 /* AppDelegate.swift in Sources */ = {isa = PBXBuildFile; fileRef = 8E24DADC22436A8200EE8BA7 /* AppDelegate.swift */; };
		8E24DADF22436A8200EE8BA7 /* TodoListViewController.swift in Sources */ = {isa = PBXBuildFile; fileRef = 8E24DADE22436A8200EE8BA7 /* TodoListViewController.swift */; };
		8E24DAE222436A8200EE8BA7 /* Main.storyboard in Resources */ = {isa = PBXBuildFile; fileRef = 8E24DAE022436A8200EE8BA7 /* Main.storyboard */; };
		8E24DAE522436A8200EE8BA7 /* Todey.xcdatamodeld in Sources */ = {isa = PBXBuildFile; fileRef = 8E24DAE322436A8200EE8BA7 /* Todey.xcdatamodeld */; };
		8E24DAE722436A8300EE8BA7 /* Assets.xcassets in Resources */ = {isa = PBXBuildFile; fileRef = 8E24DAE622436A8300EE8BA7 /* Assets.xcassets */; };
		8E24DAEA22436A8300EE8BA7 /* LaunchScreen.storyboard in Resources */ = {isa = PBXBuildFile; fileRef = 8E24DAE822436A8300EE8BA7 /* LaunchScreen.storyboard */; };
		8E24DAF522436A8400EE8BA7 /* TodeyTests.swift in Sources */ = {isa = PBXBuildFile; fileRef = 8E24DAF422436A8400EE8BA7 /* TodeyTests.swift */; };
		8E24DB0022436A8400EE8BA7 /* TodeyUITests.swift in Sources */ = {isa = PBXBuildFile; fileRef = 8E24DAFF22436A8400EE8BA7 /* TodeyUITests.swift */; };
		8E24DB0F2243907900EE8BA7 /* Item.swift in Sources */ = {isa = PBXBuildFile; fileRef = 8E24DB0E2243907900EE8BA7 /* Item.swift */; };
		8E24DB142243927900EE8BA7 /* Default-568h@2x.png in Resources */ = {isa = PBXBuildFile; fileRef = 8E24DB132243927900EE8BA7 /* Default-568h@2x.png */; };
/* End PBXBuildFile section */

/* Begin PBXContainerItemProxy section */
		8E24DAF122436A8300EE8BA7 /* PBXContainerItemProxy */ = {
			isa = PBXContainerItemProxy;
			containerPortal = 8E24DAD122436A8200EE8BA7 /* Project object */;
			proxyType = 1;
			remoteGlobalIDString = 8E24DAD822436A8200EE8BA7;
			remoteInfo = Todey;
		};
		8E24DAFC22436A8400EE8BA7 /* PBXContainerItemProxy */ = {
			isa = PBXContainerItemProxy;
			containerPortal = 8E24DAD122436A8200EE8BA7 /* Project object */;
			proxyType = 1;
			remoteGlobalIDString = 8E24DAD822436A8200EE8BA7;
			remoteInfo = Todey;
		};
/* End PBXContainerItemProxy section */

/* Begin PBXFileReference section */
		8E24DAD922436A8200EE8BA7 /* Todey.app */ = {isa = PBXFileReference; explicitFileType = wrapper.application; includeInIndex = 0; path = Todey.app; sourceTree = BUILT_PRODUCTS_DIR; };
		8E24DADC22436A8200EE8BA7 /* AppDelegate.swift */ = {isa = PBXFileReference; lastKnownFileType = sourcecode.swift; path = AppDelegate.swift; sourceTree = "<group>"; };
		8E24DADE22436A8200EE8BA7 /* TodoListViewController.swift */ = {isa = PBXFileReference; lastKnownFileType = sourcecode.swift; path = TodoListViewController.swift; sourceTree = "<group>"; };
		8E24DAE122436A8200EE8BA7 /* Base */ = {isa = PBXFileReference; lastKnownFileType = file.storyboard; name = Base; path = Base.lproj/Main.storyboard; sourceTree = "<group>"; };
		8E24DAE422436A8200EE8BA7 /* Todey.xcdatamodel */ = {isa = PBXFileReference; lastKnownFileType = wrapper.xcdatamodel; path = Todey.xcdatamodel; sourceTree = "<group>"; };
		8E24DAE622436A8300EE8BA7 /* Assets.xcassets */ = {isa = PBXFileReference; lastKnownFileType = folder.assetcatalog; path = Assets.xcassets; sourceTree = "<group>"; };
		8E24DAE922436A8300EE8BA7 /* Base */ = {isa = PBXFileReference; lastKnownFileType = file.storyboard; name = Base; path = Base.lproj/LaunchScreen.storyboard; sourceTree = "<group>"; };
		8E24DAEB22436A8300EE8BA7 /* Info.plist */ = {isa = PBXFileReference; lastKnownFileType = text.plist.xml; path = Info.plist; sourceTree = "<group>"; };
		8E24DAF022436A8300EE8BA7 /* TodeyTests.xctest */ = {isa = PBXFileReference; explicitFileType = wrapper.cfbundle; includeInIndex = 0; path = TodeyTests.xctest; sourceTree = BUILT_PRODUCTS_DIR; };
		8E24DAF422436A8400EE8BA7 /* TodeyTests.swift */ = {isa = PBXFileReference; lastKnownFileType = sourcecode.swift; path = TodeyTests.swift; sourceTree = "<group>"; };
		8E24DAF622436A8400EE8BA7 /* Info.plist */ = {isa = PBXFileReference; lastKnownFileType = text.plist.xml; path = Info.plist; sourceTree = "<group>"; };
		8E24DAFB22436A8400EE8BA7 /* TodeyUITests.xctest */ = {isa = PBXFileReference; explicitFileType = wrapper.cfbundle; includeInIndex = 0; path = TodeyUITests.xctest; sourceTree = BUILT_PRODUCTS_DIR; };
		8E24DAFF22436A8400EE8BA7 /* TodeyUITests.swift */ = {isa = PBXFileReference; lastKnownFileType = sourcecode.swift; path = TodeyUITests.swift; sourceTree = "<group>"; };
		8E24DB0122436A8400EE8BA7 /* Info.plist */ = {isa = PBXFileReference; lastKnownFileType = text.plist.xml; path = Info.plist; sourceTree = "<group>"; };
		8E24DB0E2243907900EE8BA7 /* Item.swift */ = {isa = PBXFileReference; lastKnownFileType = sourcecode.swift; path = Item.swift; sourceTree = "<group>"; };
		8E24DB132243927900EE8BA7 /* Default-568h@2x.png */ = {isa = PBXFileReference; lastKnownFileType = image.png; path = "Default-568h@2x.png"; sourceTree = "<group>"; };
/* End PBXFileReference section */

/* Begin PBXFrameworksBuildPhase section */
		8E24DAD622436A8200EE8BA7 /* Frameworks */ = {
			isa = PBXFrameworksBuildPhase;
			buildActionMask = 2147483647;
			files = (
			);
			runOnlyForDeploymentPostprocessing = 0;
		};
		8E24DAED22436A8300EE8BA7 /* Frameworks */ = {
			isa = PBXFrameworksBuildPhase;
			buildActionMask = 2147483647;
			files = (
			);
			runOnlyForDeploymentPostprocessing = 0;
		};
		8E24DAF822436A8400EE8BA7 /* Frameworks */ = {
			isa = PBXFrameworksBuildPhase;
			buildActionMask = 2147483647;
			files = (
			);
			runOnlyForDeploymentPostprocessing = 0;
		};
/* End PBXFrameworksBuildPhase section */

/* Begin PBXGroup section */
		8E24DAD022436A8200EE8BA7 = {
			isa = PBXGroup;
			children = (
				8E24DB132243927900EE8BA7 /* Default-568h@2x.png */,
				8E24DADB22436A8200EE8BA7 /* Todey */,
				8E24DAF322436A8400EE8BA7 /* TodeyTests */,
				8E24DAFE22436A8400EE8BA7 /* TodeyUITests */,
				8E24DADA22436A8200EE8BA7 /* Products */,
			);
			sourceTree = "<group>";
		};
		8E24DADA22436A8200EE8BA7 /* Products */ = {
			isa = PBXGroup;
			children = (
				8E24DAD922436A8200EE8BA7 /* Todey.app */,
				8E24DAF022436A8300EE8BA7 /* TodeyTests.xctest */,
				8E24DAFB22436A8400EE8BA7 /* TodeyUITests.xctest */,
			);
			name = Products;
			sourceTree = "<group>";
		};
		8E24DADB22436A8200EE8BA7 /* Todey */ = {
			isa = PBXGroup;
			children = (
				8E24DADC22436A8200EE8BA7 /* AppDelegate.swift */,
				8E24DB102243909200EE8BA7 /* Controllers */,
				8E24DB0D2243905C00EE8BA7 /* Data Model */,
				8E24DB11224390A700EE8BA7 /* Views */,
				8E24DAEB22436A8300EE8BA7 /* Info.plist */,
				8E24DB12224390BF00EE8BA7 /* Supporting Files */,
				8E24DAE322436A8200EE8BA7 /* Todey.xcdatamodeld */,
			);
			path = Todey;
			sourceTree = "<group>";
		};
		8E24DAF322436A8400EE8BA7 /* TodeyTests */ = {
			isa = PBXGroup;
			children = (
				8E24DAF422436A8400EE8BA7 /* TodeyTests.swift */,
				8E24DAF622436A8400EE8BA7 /* Info.plist */,
			);
			path = TodeyTests;
			sourceTree = "<group>";
		};
		8E24DAFE22436A8400EE8BA7 /* TodeyUITests */ = {
			isa = PBXGroup;
			children = (
				8E24DAFF22436A8400EE8BA7 /* TodeyUITests.swift */,
				8E24DB0122436A8400EE8BA7 /* Info.plist */,
			);
			path = TodeyUITests;
			sourceTree = "<group>";
		};
		8E24DB0D2243905C00EE8BA7 /* Data Model */ = {
			isa = PBXGroup;
			children = (
				8E24DB0E2243907900EE8BA7 /* Item.swift */,
			);
			path = "Data Model";
			sourceTree = "<group>";
		};
		8E24DB102243909200EE8BA7 /* Controllers */ = {
			isa = PBXGroup;
			children = (
				8E24DADE22436A8200EE8BA7 /* TodoListViewController.swift */,
			);
			path = Controllers;
			sourceTree = "<group>";
		};
		8E24DB11224390A700EE8BA7 /* Views */ = {
			isa = PBXGroup;
			children = (
				8E24DAE022436A8200EE8BA7 /* Main.storyboard */,
			);
			path = Views;
			sourceTree = "<group>";
		};
		8E24DB12224390BF00EE8BA7 /* Supporting Files */ = {
			isa = PBXGroup;
			children = (
				8E24DAE622436A8300EE8BA7 /* Assets.xcassets */,
				8E24DAE822436A8300EE8BA7 /* LaunchScreen.storyboard */,
			);
			path = "Supporting Files";
			sourceTree = "<group>";
		};
/* End PBXGroup section */

/* Begin PBXNativeTarget section */
		8E24DAD822436A8200EE8BA7 /* Todey */ = {
			isa = PBXNativeTarget;
			buildConfigurationList = 8E24DB0422436A8400EE8BA7 /* Build configuration list for PBXNativeTarget "Todey" */;
			buildPhases = (
				8E24DAD522436A8200EE8BA7 /* Sources */,
				8E24DAD622436A8200EE8BA7 /* Frameworks */,
				8E24DAD722436A8200EE8BA7 /* Resources */,
			);
			buildRules = (
			);
			dependencies = (
			);
			name = Todey;
			productName = Todey;
			productReference = 8E24DAD922436A8200EE8BA7 /* Todey.app */;
			productType = "com.apple.product-type.application";
		};
		8E24DAEF22436A8300EE8BA7 /* TodeyTests */ = {
			isa = PBXNativeTarget;
			buildConfigurationList = 8E24DB0722436A8400EE8BA7 /* Build configuration list for PBXNativeTarget "TodeyTests" */;
			buildPhases = (
				8E24DAEC22436A8300EE8BA7 /* Sources */,
				8E24DAED22436A8300EE8BA7 /* Frameworks */,
				8E24DAEE22436A8300EE8BA7 /* Resources */,
			);
			buildRules = (
			);
			dependencies = (
				8E24DAF222436A8300EE8BA7 /* PBXTargetDependency */,
			);
			name = TodeyTests;
			productName = TodeyTests;
			productReference = 8E24DAF022436A8300EE8BA7 /* TodeyTests.xctest */;
			productType = "com.apple.product-type.bundle.unit-test";
		};
		8E24DAFA22436A8400EE8BA7 /* TodeyUITests */ = {
			isa = PBXNativeTarget;
			buildConfigurationList = 8E24DB0A22436A8400EE8BA7 /* Build configuration list for PBXNativeTarget "TodeyUITests" */;
			buildPhases = (
				8E24DAF722436A8400EE8BA7 /* Sources */,
				8E24DAF822436A8400EE8BA7 /* Frameworks */,
				8E24DAF922436A8400EE8BA7 /* Resources */,
			);
			buildRules = (
			);
			dependencies = (
				8E24DAFD22436A8400EE8BA7 /* PBXTargetDependency */,
			);
			name = TodeyUITests;
			productName = TodeyUITests;
			productReference = 8E24DAFB22436A8400EE8BA7 /* TodeyUITests.xctest */;
			productType = "com.apple.product-type.bundle.ui-testing";
		};
/* End PBXNativeTarget section */

/* Begin PBXProject section */
		8E24DAD122436A8200EE8BA7 /* Project object */ = {
			isa = PBXProject;
			attributes = {
				LastSwiftUpdateCheck = 1010;
				LastUpgradeCheck = 1010;
				ORGANIZATIONNAME = "lw-dlf";
				TargetAttributes = {
					8E24DAD822436A8200EE8BA7 = {
						CreatedOnToolsVersion = 10.1;
					};
					8E24DAEF22436A8300EE8BA7 = {
						CreatedOnToolsVersion = 10.1;
						TestTargetID = 8E24DAD822436A8200EE8BA7;
					};
					8E24DAFA22436A8400EE8BA7 = {
						CreatedOnToolsVersion = 10.1;
						TestTargetID = 8E24DAD822436A8200EE8BA7;
					};
				};
			};
			buildConfigurationList = 8E24DAD422436A8200EE8BA7 /* Build configuration list for PBXProject "Todey" */;
			compatibilityVersion = "Xcode 9.3";
			developmentRegion = en;
			hasScannedForEncodings = 0;
			knownRegions = (
				en,
				Base,
			);
			mainGroup = 8E24DAD022436A8200EE8BA7;
			productRefGroup = 8E24DADA22436A8200EE8BA7 /* Products */;
			projectDirPath = "";
			projectRoot = "";
			targets = (
				8E24DAD822436A8200EE8BA7 /* Todey */,
				8E24DAEF22436A8300EE8BA7 /* TodeyTests */,
				8E24DAFA22436A8400EE8BA7 /* TodeyUITests */,
			);
		};
/* End PBXProject section */

/* Begin PBXResourcesBuildPhase section */
		8E24DAD722436A8200EE8BA7 /* Resources */ = {
			isa = PBXResourcesBuildPhase;
			buildActionMask = 2147483647;
			files = (
				8E24DAEA22436A8300EE8BA7 /* LaunchScreen.storyboard in Resources */,
				8E24DB142243927900EE8BA7 /* Default-568h@2x.png in Resources */,
				8E24DAE722436A8300EE8BA7 /* Assets.xcassets in Resources */,
				8E24DAE222436A8200EE8BA7 /* Main.storyboard in Resources */,
			);
			runOnlyForDeploymentPostprocessing = 0;
		};
		8E24DAEE22436A8300EE8BA7 /* Resources */ = {
			isa = PBXResourcesBuildPhase;
			buildActionMask = 2147483647;
			files = (
			);
			runOnlyForDeploymentPostprocessing = 0;
		};
		8E24DAF922436A8400EE8BA7 /* Resources */ = {
			isa = PBXResourcesBuildPhase;
			buildActionMask = 2147483647;
			files = (
			);
			runOnlyForDeploymentPostprocessing = 0;
		};
/* End PBXResourcesBuildPhase section */

/* Begin PBXSourcesBuildPhase section */
		8E24DAD522436A8200EE8BA7 /* Sources */ = {
			isa = PBXSourcesBuildPhase;
			buildActionMask = 2147483647;
			files = (
				8E24DB0F2243907900EE8BA7 /* Item.swift in Sources */,
				8E24DADF22436A8200EE8BA7 /* TodoListViewController.swift in Sources */,
				8E24DAE522436A8200EE8BA7 /* Todey.xcdatamodeld in Sources */,
				8E24DADD22436A8200EE8BA7 /* AppDelegate.swift in Sources */,
			);
			runOnlyForDeploymentPostprocessing = 0;
		};
		8E24DAEC22436A8300EE8BA7 /* Sources */ = {
			isa = PBXSourcesBuildPhase;
			buildActionMask = 2147483647;
			files = (
				8E24DAF522436A8400EE8BA7 /* TodeyTests.swift in Sources */,
			);
			runOnlyForDeploymentPostprocessing = 0;
		};
		8E24DAF722436A8400EE8BA7 /* Sources */ = {
			isa = PBXSourcesBuildPhase;
			buildActionMask = 2147483647;
			files = (
				8E24DB0022436A8400EE8BA7 /* TodeyUITests.swift in Sources */,
			);
			runOnlyForDeploymentPostprocessing = 0;
		};
/* End PBXSourcesBuildPhase section */

/* Begin PBXTargetDependency section */
		8E24DAF222436A8300EE8BA7 /* PBXTargetDependency */ = {
			isa = PBXTargetDependency;
			target = 8E24DAD822436A8200EE8BA7 /* Todey */;
			targetProxy = 8E24DAF122436A8300EE8BA7 /* PBXContainerItemProxy */;
		};
		8E24DAFD22436A8400EE8BA7 /* PBXTargetDependency */ = {
			isa = PBXTargetDependency;
			target = 8E24DAD822436A8200EE8BA7 /* Todey */;
			targetProxy = 8E24DAFC22436A8400EE8BA7 /* PBXContainerItemProxy */;
		};
/* End PBXTargetDependency section */

/* Begin PBXVariantGroup section */
		8E24DAE022436A8200EE8BA7 /* Main.storyboard */ = {
			isa = PBXVariantGroup;
			children = (
				8E24DAE122436A8200EE8BA7 /* Base */,
			);
			name = Main.storyboard;
			sourceTree = "<group>";
		};
		8E24DAE822436A8300EE8BA7 /* LaunchScreen.storyboard */ = {
			isa = PBXVariantGroup;
			children = (
				8E24DAE922436A8300EE8BA7 /* Base */,
			);
			name = LaunchScreen.storyboard;
			sourceTree = "<group>";
		};
/* End PBXVariantGroup section */

/* Begin XCBuildConfiguration section */
		8E24DB0222436A8400EE8BA7 /* Debug */ = {
			isa = XCBuildConfiguration;
			buildSettings = {
				ALWAYS_SEARCH_USER_PATHS = NO;
				CLANG_ANALYZER_NONNULL = YES;
				CLANG_ANALYZER_NUMBER_OBJECT_CONVERSION = YES_AGGRESSIVE;
				CLANG_CXX_LANGUAGE_STANDARD = "gnu++14";
				CLANG_CXX_LIBRARY = "libc++";
				CLANG_ENABLE_MODULES = YES;
				CLANG_ENABLE_OBJC_ARC = YES;
				CLANG_ENABLE_OBJC_WEAK = YES;
				CLANG_WARN_BLOCK_CAPTURE_AUTORELEASING = YES;
				CLANG_WARN_BOOL_CONVERSION = YES;
				CLANG_WARN_COMMA = YES;
				CLANG_WARN_CONSTANT_CONVERSION = YES;
				CLANG_WARN_DEPRECATED_OBJC_IMPLEMENTATIONS = YES;
				CLANG_WARN_DIRECT_OBJC_ISA_USAGE = YES_ERROR;
				CLANG_WARN_DOCUMENTATION_COMMENTS = YES;
				CLANG_WARN_EMPTY_BODY = YES;
				CLANG_WARN_ENUM_CONVERSION = YES;
				CLANG_WARN_INFINITE_RECURSION = YES;
				CLANG_WARN_INT_CONVERSION = YES;
				CLANG_WARN_NON_LITERAL_NULL_CONVERSION = YES;
				CLANG_WARN_OBJC_IMPLICIT_RETAIN_SELF = YES;
				CLANG_WARN_OBJC_LITERAL_CONVERSION = YES;
				CLANG_WARN_OBJC_ROOT_CLASS = YES_ERROR;
				CLANG_WARN_RANGE_LOOP_ANALYSIS = YES;
				CLANG_WARN_STRICT_PROTOTYPES = YES;
				CLANG_WARN_SUSPICIOUS_MOVE = YES;
				CLANG_WARN_UNGUARDED_AVAILABILITY = YES_AGGRESSIVE;
				CLANG_WARN_UNREACHABLE_CODE = YES;
				CLANG_WARN__DUPLICATE_METHOD_MATCH = YES;
				CODE_SIGN_IDENTITY = "iPhone Developer";
				COPY_PHASE_STRIP = NO;
				DEBUG_INFORMATION_FORMAT = dwarf;
				ENABLE_STRICT_OBJC_MSGSEND = YES;
				ENABLE_TESTABILITY = YES;
				GCC_C_LANGUAGE_STANDARD = gnu11;
				GCC_DYNAMIC_NO_PIC = NO;
				GCC_NO_COMMON_BLOCKS = YES;
				GCC_OPTIMIZATION_LEVEL = 0;
				GCC_PREPROCESSOR_DEFINITIONS = (
					"DEBUG=1",
					"$(inherited)",
				);
				GCC_WARN_64_TO_32_BIT_CONVERSION = YES;
				GCC_WARN_ABOUT_RETURN_TYPE = YES_ERROR;
				GCC_WARN_UNDECLARED_SELECTOR = YES;
				GCC_WARN_UNINITIALIZED_AUTOS = YES_AGGRESSIVE;
				GCC_WARN_UNUSED_FUNCTION = YES;
				GCC_WARN_UNUSED_VARIABLE = YES;
				IPHONEOS_DEPLOYMENT_TARGET = 12.1;
				MTL_ENABLE_DEBUG_INFO = INCLUDE_SOURCE;
				MTL_FAST_MATH = YES;
				ONLY_ACTIVE_ARCH = YES;
				SDKROOT = iphoneos;
				SWIFT_ACTIVE_COMPILATION_CONDITIONS = DEBUG;
				SWIFT_OPTIMIZATION_LEVEL = "-Onone";
			};
			name = Debug;
		};
		8E24DB0322436A8400EE8BA7 /* Release */ = {
			isa = XCBuildConfiguration;
			buildSettings = {
				ALWAYS_SEARCH_USER_PATHS = NO;
				CLANG_ANALYZER_NONNULL = YES;
				CLANG_ANALYZER_NUMBER_OBJECT_CONVERSION = YES_AGGRESSIVE;
				CLANG_CXX_LANGUAGE_STANDARD = "gnu++14";
				CLANG_CXX_LIBRARY = "libc++";
				CLANG_ENABLE_MODULES = YES;
				CLANG_ENABLE_OBJC_ARC = YES;
				CLANG_ENABLE_OBJC_WEAK = YES;
				CLANG_WARN_BLOCK_CAPTURE_AUTORELEASING = YES;
				CLANG_WARN_BOOL_CONVERSION = YES;
				CLANG_WARN_COMMA = YES;
				CLANG_WARN_CONSTANT_CONVERSION = YES;
				CLANG_WARN_DEPRECATED_OBJC_IMPLEMENTATIONS = YES;
				CLANG_WARN_DIRECT_OBJC_ISA_USAGE = YES_ERROR;
				CLANG_WARN_DOCUMENTATION_COMMENTS = YES;
				CLANG_WARN_EMPTY_BODY = YES;
				CLANG_WARN_ENUM_CONVERSION = YES;
				CLANG_WARN_INFINITE_RECURSION = YES;
				CLANG_WARN_INT_CONVERSION = YES;
				CLANG_WARN_NON_LITERAL_NULL_CONVERSION = YES;
				CLANG_WARN_OBJC_IMPLICIT_RETAIN_SELF = YES;
				CLANG_WARN_OBJC_LITERAL_CONVERSION = YES;
				CLANG_WARN_OBJC_ROOT_CLASS = YES_ERROR;
				CLANG_WARN_RANGE_LOOP_ANALYSIS = YES;
				CLANG_WARN_STRICT_PROTOTYPES = YES;
				CLANG_WARN_SUSPICIOUS_MOVE = YES;
				CLANG_WARN_UNGUARDED_AVAILABILITY = YES_AGGRESSIVE;
				CLANG_WARN_UNREACHABLE_CODE = YES;
				CLANG_WARN__DUPLICATE_METHOD_MATCH = YES;
				CODE_SIGN_IDENTITY = "iPhone Developer";
				COPY_PHASE_STRIP = NO;
				DEBUG_INFORMATION_FORMAT = "dwarf-with-dsym";
				ENABLE_NS_ASSERTIONS = NO;
				ENABLE_STRICT_OBJC_MSGSEND = YES;
				GCC_C_LANGUAGE_STANDARD = gnu11;
				GCC_NO_COMMON_BLOCKS = YES;
				GCC_WARN_64_TO_32_BIT_CONVERSION = YES;
				GCC_WARN_ABOUT_RETURN_TYPE = YES_ERROR;
				GCC_WARN_UNDECLARED_SELECTOR = YES;
				GCC_WARN_UNINITIALIZED_AUTOS = YES_AGGRESSIVE;
				GCC_WARN_UNUSED_FUNCTION = YES;
				GCC_WARN_UNUSED_VARIABLE = YES;
				IPHONEOS_DEPLOYMENT_TARGET = 12.1;
				MTL_ENABLE_DEBUG_INFO = NO;
				MTL_FAST_MATH = YES;
				SDKROOT = iphoneos;
				SWIFT_COMPILATION_MODE = wholemodule;
				SWIFT_OPTIMIZATION_LEVEL = "-O";
				VALIDATE_PRODUCT = YES;
			};
			name = Release;
		};
		8E24DB0522436A8400EE8BA7 /* Debug */ = {
			isa = XCBuildConfiguration;
			buildSettings = {
				ASSETCATALOG_COMPILER_APPICON_NAME = AppIcon;
				CODE_SIGN_STYLE = Automatic;
				DEVELOPMENT_TEAM = 44YWDLWSR5;
				INFOPLIST_FILE = Todey/Info.plist;
				LD_RUNPATH_SEARCH_PATHS = (
					"$(inherited)",
					"@executable_path/Frameworks",
				);
				PRODUCT_BUNDLE_IDENTIFIER = "com.spi-global.Todey";
				PRODUCT_NAME = "$(TARGET_NAME)";
				SWIFT_VERSION = 4.2;
				TARGETED_DEVICE_FAMILY = "1,2";
			};
			name = Debug;
		};
		8E24DB0622436A8400EE8BA7 /* Release */ = {
			isa = XCBuildConfiguration;
			buildSettings = {
				ASSETCATALOG_COMPILER_APPICON_NAME = AppIcon;
				CODE_SIGN_STYLE = Automatic;
				DEVELOPMENT_TEAM = 44YWDLWSR5;
				INFOPLIST_FILE = Todey/Info.plist;
				LD_RUNPATH_SEARCH_PATHS = (
					"$(inherited)",
					"@executable_path/Frameworks",
				);
				PRODUCT_BUNDLE_IDENTIFIER = "com.spi-global.Todey";
				PRODUCT_NAME = "$(TARGET_NAME)";
				SWIFT_VERSION = 4.2;
				TARGETED_DEVICE_FAMILY = "1,2";
			};
			name = Release;
		};
		8E24DB0822436A8400EE8BA7 /* Debug */ = {
			isa = XCBuildConfiguration;
			buildSettings = {
				ALWAYS_EMBED_SWIFT_STANDARD_LIBRARIES = YES;
				BUNDLE_LOADER = "$(TEST_HOST)";
				CODE_SIGN_STYLE = Automatic;
				DEVELOPMENT_TEAM = 44YWDLWSR5;
				INFOPLIST_FILE = TodeyTests/Info.plist;
				LD_RUNPATH_SEARCH_PATHS = (
					"$(inherited)",
					"@executable_path/Frameworks",
					"@loader_path/Frameworks",
				);
				PRODUCT_BUNDLE_IDENTIFIER = "com.spi-global.TodeyTests";
				PRODUCT_NAME = "$(TARGET_NAME)";
				SWIFT_VERSION = 4.2;
				TARGETED_DEVICE_FAMILY = "1,2";
				TEST_HOST = "$(BUILT_PRODUCTS_DIR)/Todey.app/Todey";
			};
			name = Debug;
		};
		8E24DB0922436A8400EE8BA7 /* Release */ = {
			isa = XCBuildConfiguration;
			buildSettings = {
				ALWAYS_EMBED_SWIFT_STANDARD_LIBRARIES = YES;
				BUNDLE_LOADER = "$(TEST_HOST)";
				CODE_SIGN_STYLE = Automatic;
				DEVELOPMENT_TEAM = 44YWDLWSR5;
				INFOPLIST_FILE = TodeyTests/Info.plist;
				LD_RUNPATH_SEARCH_PATHS = (
					"$(inherited)",
					"@executable_path/Frameworks",
					"@loader_path/Frameworks",
				);
				PRODUCT_BUNDLE_IDENTIFIER = "com.spi-global.TodeyTests";
				PRODUCT_NAME = "$(TARGET_NAME)";
				SWIFT_VERSION = 4.2;
				TARGETED_DEVICE_FAMILY = "1,2";
				TEST_HOST = "$(BUILT_PRODUCTS_DIR)/Todey.app/Todey";
			};
			name = Release;
		};
		8E24DB0B22436A8400EE8BA7 /* Debug */ = {
			isa = XCBuildConfiguration;
			buildSettings = {
				ALWAYS_EMBED_SWIFT_STANDARD_LIBRARIES = YES;
				CODE_SIGN_STYLE = Automatic;
				DEVELOPMENT_TEAM = 44YWDLWSR5;
				INFOPLIST_FILE = TodeyUITests/Info.plist;
				LD_RUNPATH_SEARCH_PATHS = (
					"$(inherited)",
					"@executable_path/Frameworks",
					"@loader_path/Frameworks",
				);
				PRODUCT_BUNDLE_IDENTIFIER = "com.spi-global.TodeyUITests";
				PRODUCT_NAME = "$(TARGET_NAME)";
				SWIFT_VERSION = 4.2;
				TARGETED_DEVICE_FAMILY = "1,2";
				TEST_TARGET_NAME = Todey;
			};
			name = Debug;
		};
		8E24DB0C22436A8400EE8BA7 /* Release */ = {
			isa = XCBuildConfiguration;
			buildSettings = {
				ALWAYS_EMBED_SWIFT_STANDARD_LIBRARIES = YES;
				CODE_SIGN_STYLE = Automatic;
				DEVELOPMENT_TEAM = 44YWDLWSR5;
				INFOPLIST_FILE = TodeyUITests/Info.plist;
				LD_RUNPATH_SEARCH_PATHS = (
					"$(inherited)",
					"@executable_path/Frameworks",
					"@loader_path/Frameworks",
				);
				PRODUCT_BUNDLE_IDENTIFIER = "com.spi-global.TodeyUITests";
				PRODUCT_NAME = "$(TARGET_NAME)";
				SWIFT_VERSION = 4.2;
				TARGETED_DEVICE_FAMILY = "1,2";
				TEST_TARGET_NAME = Todey;
			};
			name = Release;
		};
/* End XCBuildConfiguration section */

/* Begin XCConfigurationList section */
		8E24DAD422436A8200EE8BA7 /* Build configuration list for PBXProject "Todey" */ = {
			isa = XCConfigurationList;
			buildConfigurations = (
				8E24DB0222436A8400EE8BA7 /* Debug */,
				8E24DB0322436A8400EE8BA7 /* Release */,
			);
			defaultConfigurationIsVisible = 0;
			defaultConfigurationName = Release;
		};
		8E24DB0422436A8400EE8BA7 /* Build configuration list for PBXNativeTarget "Todey" */ = {
			isa = XCConfigurationList;
			buildConfigurations = (
				8E24DB0522436A8400EE8BA7 /* Debug */,
				8E24DB0622436A8400EE8BA7 /* Release */,
			);
			defaultConfigurationIsVisible = 0;
			defaultConfigurationName = Release;
		};
		8E24DB0722436A8400EE8BA7 /* Build configuration list for PBXNativeTarget "TodeyTests" */ = {
			isa = XCConfigurationList;
			buildConfigurations = (
				8E24DB0822436A8400EE8BA7 /* Debug */,
				8E24DB0922436A8400EE8BA7 /* Release */,
			);
			defaultConfigurationIsVisible = 0;
			defaultConfigurationName = Release;
		};
		8E24DB0A22436A8400EE8BA7 /* Build configuration list for PBXNativeTarget "TodeyUITests" */ = {
			isa = XCConfigurationList;
			buildConfigurations = (
				8E24DB0B22436A8400EE8BA7 /* Debug */,
				8E24DB0C22436A8400EE8BA7 /* Release */,
			);
			defaultConfigurationIsVisible = 0;
			defaultConfigurationName = Release;
		};
/* End XCConfigurationList section */

/* Begin XCVersionGroup section */
		8E24DAE322436A8200EE8BA7 /* Todey.xcdatamodeld */ = {
			isa = XCVersionGroup;
			children = (
				8E24DAE422436A8200EE8BA7 /* Todey.xcdatamodel */,
			);
			currentVersion = 8E24DAE422436A8200EE8BA7 /* Todey.xcdatamodel */;
			path = Todey.xcdatamodeld;
			sourceTree = "<group>";
			versionGroupType = wrapper.xcdatamodel;
		};
/* End XCVersionGroup section */
	};
	rootObject = 8E24DAD122436A8200EE8BA7 /* Project object */;
}
